// !$*UTF8*$!
{
	archiveVersion = 1;
	classes = {
	};
	objectVersion = 46;
	objects = {

/* Begin PBXBuildFile section */
		400E71BB1D89993B00EDBF06 /* AppDelegate.swift in Sources */ = {isa = PBXBuildFile; fileRef = 400E71BA1D89993B00EDBF06 /* AppDelegate.swift */; };
		400E71BD1D89993B00EDBF06 /* ViewController.swift in Sources */ = {isa = PBXBuildFile; fileRef = 400E71BC1D89993B00EDBF06 /* ViewController.swift */; };
		400E71C01D89993B00EDBF06 /* Main.storyboard in Resources */ = {isa = PBXBuildFile; fileRef = 400E71BE1D89993B00EDBF06 /* Main.storyboard */; };
		400E71C21D89993B00EDBF06 /* Assets.xcassets in Resources */ = {isa = PBXBuildFile; fileRef = 400E71C11D89993B00EDBF06 /* Assets.xcassets */; };
		400E71C51D89993C00EDBF06 /* LaunchScreen.storyboard in Resources */ = {isa = PBXBuildFile; fileRef = 400E71C31D89993C00EDBF06 /* LaunchScreen.storyboard */; };
		408CCC781D8CF90200AF3356 /* InputViewController.swift in Sources */ = {isa = PBXBuildFile; fileRef = 408CCC771D8CF90200AF3356 /* InputViewController.swift */; };
		40DF6F831D8D0A4400B34B15 /* Task.swift in Sources */ = {isa = PBXBuildFile; fileRef = 40DF6F821D8D0A4400B34B15 /* Task.swift */; };
		DB54438A83B5CFD197799B3F /* Pods_taskapp.framework in Frameworks */ = {isa = PBXBuildFile; fileRef = 94A4A5E18EE27E7252768185 /* Pods_taskapp.framework */; };
/* End PBXBuildFile section */

/* Begin PBXFileReference section */
		05CD91BE833BA47AD777BD36 /* Pods-taskapp.debug.xcconfig */ = {isa = PBXFileReference; includeInIndex = 1; lastKnownFileType = text.xcconfig; name = "Pods-taskapp.debug.xcconfig"; path = "Pods/Target Support Files/Pods-taskapp/Pods-taskapp.debug.xcconfig"; sourceTree = "<group>"; };
		400E71B71D89993B00EDBF06 /* taskapp.app */ = {isa = PBXFileReference; explicitFileType = wrapper.application; includeInIndex = 0; path = taskapp.app; sourceTree = BUILT_PRODUCTS_DIR; };
		400E71BA1D89993B00EDBF06 /* AppDelegate.swift */ = {isa = PBXFileReference; lastKnownFileType = sourcecode.swift; path = AppDelegate.swift; sourceTree = "<group>"; };
		400E71BC1D89993B00EDBF06 /* ViewController.swift */ = {isa = PBXFileReference; lastKnownFileType = sourcecode.swift; path = ViewController.swift; sourceTree = "<group>"; };
		400E71BF1D89993B00EDBF06 /* Base */ = {isa = PBXFileReference; lastKnownFileType = file.storyboard; name = Base; path = Base.lproj/Main.storyboard; sourceTree = "<group>"; };
		400E71C11D89993B00EDBF06 /* Assets.xcassets */ = {isa = PBXFileReference; lastKnownFileType = folder.assetcatalog; path = Assets.xcassets; sourceTree = "<group>"; };
		400E71C41D89993C00EDBF06 /* Base */ = {isa = PBXFileReference; lastKnownFileType = file.storyboard; name = Base; path = Base.lproj/LaunchScreen.storyboard; sourceTree = "<group>"; };
		400E71C61D89993C00EDBF06 /* Info.plist */ = {isa = PBXFileReference; lastKnownFileType = text.plist.xml; path = Info.plist; sourceTree = "<group>"; };
		408CCC771D8CF90200AF3356 /* InputViewController.swift */ = {isa = PBXFileReference; fileEncoding = 4; lastKnownFileType = sourcecode.swift; path = InputViewController.swift; sourceTree = "<group>"; };
		40DF6F821D8D0A4400B34B15 /* Task.swift */ = {isa = PBXFileReference; fileEncoding = 4; lastKnownFileType = sourcecode.swift; path = Task.swift; sourceTree = "<group>"; };
		772C1997091D16C9D4BE4E98 /* Pods-taskapp.release.xcconfig */ = {isa = PBXFileReference; includeInIndex = 1; lastKnownFileType = text.xcconfig; name = "Pods-taskapp.release.xcconfig"; path = "Pods/Target Support Files/Pods-taskapp/Pods-taskapp.release.xcconfig"; sourceTree = "<group>"; };
		94A4A5E18EE27E7252768185 /* Pods_taskapp.framework */ = {isa = PBXFileReference; explicitFileType = wrapper.framework; includeInIndex = 0; path = Pods_taskapp.framework; sourceTree = BUILT_PRODUCTS_DIR; };
/* End PBXFileReference section */

/* Begin PBXFrameworksBuildPhase section */
		400E71B41D89993B00EDBF06 /* Frameworks */ = {
			isa = PBXFrameworksBuildPhase;
			buildActionMask = 2147483647;
			files = (
				DB54438A83B5CFD197799B3F /* Pods_taskapp.framework in Frameworks */,
			);
			runOnlyForDeploymentPostprocessing = 0;
		};
/* End PBXFrameworksBuildPhase section */

/* Begin PBXGroup section */
		400E71AE1D89993B00EDBF06 = {
			isa = PBXGroup;
			children = (
				400E71B91D89993B00EDBF06 /* taskapp */,
				400E71B81D89993B00EDBF06 /* Products */,
				6D4D94B80D0F49A73D6627B9 /* Pods */,
				A47ADA80F6153D64615BEBEF /* Frameworks */,
			);
			sourceTree = "<group>";
		};
		400E71B81D89993B00EDBF06 /* Products */ = {
			isa = PBXGroup;
			children = (
				400E71B71D89993B00EDBF06 /* taskapp.app */,
			);
			name = Products;
			sourceTree = "<group>";
		};
		400E71B91D89993B00EDBF06 /* taskapp */ = {
			isa = PBXGroup;
			children = (
				400E71BA1D89993B00EDBF06 /* AppDelegate.swift */,
				400E71BC1D89993B00EDBF06 /* ViewController.swift */,
				408CCC771D8CF90200AF3356 /* InputViewController.swift */,
				40DF6F821D8D0A4400B34B15 /* Task.swift */,
				400E71BE1D89993B00EDBF06 /* Main.storyboard */,
				400E71C11D89993B00EDBF06 /* Assets.xcassets */,
				400E71C31D89993C00EDBF06 /* LaunchScreen.storyboard */,
				400E71C61D89993C00EDBF06 /* Info.plist */,
			);
			path = taskapp;
			sourceTree = "<group>";
		};
		6D4D94B80D0F49A73D6627B9 /* Pods */ = {
			isa = PBXGroup;
			children = (
				05CD91BE833BA47AD777BD36 /* Pods-taskapp.debug.xcconfig */,
				772C1997091D16C9D4BE4E98 /* Pods-taskapp.release.xcconfig */,
			);
			name = Pods;
			sourceTree = "<group>";
		};
		A47ADA80F6153D64615BEBEF /* Frameworks */ = {
			isa = PBXGroup;
			children = (
				94A4A5E18EE27E7252768185 /* Pods_taskapp.framework */,
			);
			name = Frameworks;
			sourceTree = "<group>";
		};
/* End PBXGroup section */

/* Begin PBXNativeTarget section */
		400E71B61D89993B00EDBF06 /* taskapp */ = {
			isa = PBXNativeTarget;
			buildConfigurationList = 400E71C91D89993C00EDBF06 /* Build configuration list for PBXNativeTarget "taskapp" */;
			buildPhases = (
				F8E65985BF074FE3184724FD /* [CP] Check Pods Manifest.lock */,
				400E71B31D89993B00EDBF06 /* Sources */,
				400E71B41D89993B00EDBF06 /* Frameworks */,
				400E71B51D89993B00EDBF06 /* Resources */,
				24C7E1F9D11CCE0ACFC968D7 /* [CP] Embed Pods Frameworks */,
				C2227E6C6F2AC6BE27A902B6 /* [CP] Copy Pods Resources */,
			);
			buildRules = (
			);
			dependencies = (
			);
			name = taskapp;
			productName = taskapp;
			productReference = 400E71B71D89993B00EDBF06 /* taskapp.app */;
			productType = "com.apple.product-type.application";
		};
/* End PBXNativeTarget section */

/* Begin PBXProject section */
		400E71AF1D89993B00EDBF06 /* Project object */ = {
			isa = PBXProject;
			attributes = {
				LastSwiftUpdateCheck = 0730;
				LastUpgradeCheck = 0730;
				ORGANIZATIONNAME = ThanksThankyou;
				TargetAttributes = {
					400E71B61D89993B00EDBF06 = {
						CreatedOnToolsVersion = 7.3.1;
					};
				};
			};
			buildConfigurationList = 400E71B21D89993B00EDBF06 /* Build configuration list for PBXProject "taskapp" */;
			compatibilityVersion = "Xcode 3.2";
			developmentRegion = English;
			hasScannedForEncodings = 0;
			knownRegions = (
				en,
				Base,
			);
			mainGroup = 400E71AE1D89993B00EDBF06;
			productRefGroup = 400E71B81D89993B00EDBF06 /* Products */;
			projectDirPath = "";
			projectRoot = "";
			targets = (
				400E71B61D89993B00EDBF06 /* taskapp */,
			);
		};
/* End PBXProject section */

/* Begin PBXResourcesBuildPhase section */
		400E71B51D89993B00EDBF06 /* Resources */ = {
			isa = PBXResourcesBuildPhase;
			buildActionMask = 2147483647;
			files = (
				400E71C51D89993C00EDBF06 /* LaunchScreen.storyboard in Resources */,
				400E71C21D89993B00EDBF06 /* Assets.xcassets in Resources */,
				400E71C01D89993B00EDBF06 /* Main.storyboard in Resources */,
			);
			runOnlyForDeploymentPostprocessing = 0;
		};
/* End PBXResourcesBuildPhase section */

/* Begin PBXShellScriptBuildPhase section */
		24C7E1F9D11CCE0ACFC968D7 /* [CP] Embed Pods Frameworks */ = {
			isa = PBXShellScriptBuildPhase;
			buildActionMask = 2147483647;
			files = (
			);
			inputPaths = (
			);
			name = "[CP] Embed Pods Frameworks";
			outputPaths = (
			);
			runOnlyForDeploymentPostprocessing = 0;
			shellPath = /bin/sh;
			shellScript = "\"${SRCROOT}/Pods/Target Support Files/Pods-taskapp/Pods-taskapp-frameworks.sh\"\n";
			showEnvVarsInLog = 0;
		};
		C2227E6C6F2AC6BE27A902B6 /* [CP] Copy Pods Resources */ = {
			isa = PBXShellScriptBuildPhase;
			buildActionMask = 2147483647;
			files = (
			);
			inputPaths = (
			);
			name = "[CP] Copy Pods Resources";
			outputPaths = (
			);
			runOnlyForDeploymentPostprocessing = 0;
			shellPath = /bin/sh;
			shellScript = "\"${SRCROOT}/Pods/Target Support Files/Pods-taskapp/Pods-taskapp-resources.sh\"\n";
			showEnvVarsInLog = 0;
		};
		F8E65985BF074FE3184724FD /* [CP] Check Pods Manifest.lock */ = {
			isa = PBXShellScriptBuildPhase;
			buildActionMask = 2147483647;
			files = (
			);
			inputPaths = (
			);
			name = "[CP] Check Pods Manifest.lock";
			outputPaths = (
			);
			runOnlyForDeploymentPostprocessing = 0;
			shellPath = /bin/sh;
			shellScript = "diff \"${PODS_ROOT}/../Podfile.lock\" \"${PODS_ROOT}/Manifest.lock\" > /dev/null\nif [[ $? != 0 ]] ; then\n    cat << EOM\nerror: The sandbox is not in sync with the Podfile.lock. Run 'pod install' or update your CocoaPods installation.\nEOM\n    exit 1\nfi\n";
			showEnvVarsInLog = 0;
		};
/* End PBXShellScriptBuildPhase section */

/* Begin PBXSourcesBuildPhase section */
		400E71B31D89993B00EDBF06 /* Sources */ = {
			isa = PBXSourcesBuildPhase;
			buildActionMask = 2147483647;
			files = (
				40DF6F831D8D0A4400B34B15 /* Task.swift in Sources */,
				408CCC781D8CF90200AF3356 /* InputViewController.swift in Sources */,
				400E71BD1D89993B00EDBF06 /* ViewController.swift in Sources */,
				400E71BB1D89993B00EDBF06 /* AppDelegate.swift in Sources */,
			);
			runOnlyForDeploymentPostprocessing = 0;
		};
/* End PBXSourcesBuildPhase section */

/* Begin PBXVariantGroup section */
		400E71BE1D89993B00EDBF06 /* Main.storyboard */ = {
			isa = PBXVariantGroup;
			children = (
				400E71BF1D89993B00EDBF06 /* Base */,
			);
			name = Main.storyboard;
			sourceTree = "<group>";
		};
		400E71C31D89993C00EDBF06 /* LaunchScreen.storyboard */ = {
			isa = PBXVariantGroup;
			children = (
				400E71C41D89993C00EDBF06 /* Base */,
			);
			name = LaunchScreen.storyboard;
			sourceTree = "<group>";
		};
/* End PBXVariantGroup section */

/* Begin XCBuildConfiguration section */
		400E71C71D89993C00EDBF06 /* Debug */ = {
			isa = XCBuildConfiguration;
			buildSettings = {
				ALWAYS_SEARCH_USER_PATHS = NO;
				CLANG_ANALYZER_NONNULL = YES;
				CLANG_CXX_LANGUAGE_STANDARD = "gnu++0x";
				CLANG_CXX_LIBRARY = "libc++";
				CLANG_ENABLE_MODULES = YES;
				CLANG_ENABLE_OBJC_ARC = YES;
				CLANG_WARN_BOOL_CONVERSION = YES;
				CLANG_WARN_CONSTANT_CONVERSION = YES;
				CLANG_WARN_DIRECT_OBJC_ISA_USAGE = YES_ERROR;
				CLANG_WARN_EMPTY_BODY = YES;
				CLANG_WARN_ENUM_CONVERSION = YES;
				CLANG_WARN_INT_CONVERSION = YES;
				CLANG_WARN_OBJC_ROOT_CLASS = YES_ERROR;
				CLANG_WARN_UNREACHABLE_CODE = YES;
				CLANG_WARN__DUPLICATE_METHOD_MATCH = YES;
				"CODE_SIGN_IDENTITY[sdk=iphoneos*]" = "iPhone Developer";
				COPY_PHASE_STRIP = NO;
				DEBUG_INFORMATION_FORMAT = dwarf;
				ENABLE_STRICT_OBJC_MSGSEND = YES;
				ENABLE_TESTABILITY = YES;
				GCC_C_LANGUAGE_STANDARD = gnu99;
				GCC_DYNAMIC_NO_PIC = NO;
				GCC_NO_COMMON_BLOCKS = YES;
				GCC_OPTIMIZATION_LEVEL = 0;
				GCC_PREPROCESSOR_DEFINITIONS = (
					"DEBUG=1",
					"$(inherited)",
				);
				GCC_WARN_64_TO_32_BIT_CONVERSION = YES;
				GCC_WARN_ABOUT_RETURN_TYPE = YES_ERROR;
				GCC_WARN_UNDECLARED_SELECTOR = YES;
				GCC_WARN_UNINITIALIZED_AUTOS = YES_AGGRESSIVE;
				GCC_WARN_UNUSED_FUNCTION = YES;
				GCC_WARN_UNUSED_VARIABLE = YES;
				IPHONEOS_DEPLOYMENT_TARGET = 9.3;
				MTL_ENABLE_DEBUG_INFO = YES;
				ONLY_ACTIVE_ARCH = YES;
				SDKROOT = iphoneos;
				SWIFT_OPTIMIZATION_LEVEL = "-Onone";
			};
			name = Debug;
		};
		400E71C81D89993C00EDBF06 /* Release */ = {
			isa = XCBuildConfiguration;
			buildSettings = {
				ALWAYS_SEARCH_USER_PATHS = NO;
				CLANG_ANALYZER_NONNULL = YES;
				CLANG_CXX_LANGUAGE_STANDARD = "gnu++0x";
				CLANG_CXX_LIBRARY = "libc++";
				CLANG_ENABLE_MODULES = YES;
				CLANG_ENABLE_OBJC_ARC = YES;
				CLANG_WARN_BOOL_CONVERSION = YES;
				CLANG_WARN_CONSTANT_CONVERSION = YES;
				CLANG_WARN_DIRECT_OBJC_ISA_USAGE = YES_ERROR;
				CLANG_WARN_EMPTY_BODY = YES;
				CLANG_WARN_ENUM_CONVERSION = YES;
				CLANG_WARN_INT_CONVERSION = YES;
				CLANG_WARN_OBJC_ROOT_CLASS = YES_ERROR;
				CLANG_WARN_UNREACHABLE_CODE = YES;
				CLANG_WARN__DUPLICATE_METHOD_MATCH = YES;
				"CODE_SIGN_IDENTITY[sdk=iphoneos*]" = "iPhone Developer";
				COPY_PHASE_STRIP = NO;
				DEBUG_INFORMATION_FORMAT = "dwarf-with-dsym";
				ENABLE_NS_ASSERTIONS = NO;
				ENABLE_STRICT_OBJC_MSGSEND = YES;
				GCC_C_LANGUAGE_STANDARD = gnu99;
				GCC_NO_COMMON_BLOCKS = YES;
				GCC_WARN_64_TO_32_BIT_CONVERSION = YES;
				GCC_WARN_ABOUT_RETURN_TYPE = YES_ERROR;
				GCC_WARN_UNDECLARED_SELECTOR = YES;
				GCC_WARN_UNINITIALIZED_AUTOS = YES_AGGRESSIVE;
				GCC_WARN_UNUSED_FUNCTION = YES;
				GCC_WARN_UNUSED_VARIABLE = YES;
				IPHONEOS_DEPLOYMENT_TARGET = 9.3;
				MTL_ENABLE_DEBUG_INFO = NO;
				SDKROOT = iphoneos;
				VALIDATE_PRODUCT = YES;
			};
			name = Release;
		};
		400E71CA1D89993C00EDBF06 /* Debug */ = {
			isa = XCBuildConfiguration;
			baseConfigurationReference = 05CD91BE833BA47AD777BD36 /* Pods-taskapp.debug.xcconfig */;
			buildSettings = {
				ASSETCATALOG_COMPILER_APPICON_NAME = AppIcon;
				INFOPLIST_FILE = taskapp/Info.plist;
				LD_RUNPATH_SEARCH_PATHS = "$(inherited) @executable_path/Frameworks";
				PRODUCT_BUNDLE_IDENTIFIER = jp.techacademy.ThanksThankyou.taskapp;
				PRODUCT_NAME = "$(TARGET_NAME)";
			};
			name = Debug;
		};
		400E71CB1D89993C00EDBF06 /* Release */ = {
			isa = XCBuildConfiguration;
			baseConfigurationReference = 772C1997091D16C9D4BE4E98 /* Pods-taskapp.release.xcconfig */;
			buildSettings = {
				ASSETCATALOG_COMPILER_APPICON_NAME = AppIcon;
				INFOPLIST_FILE = taskapp/Info.plist;
				LD_RUNPATH_SEARCH_PATHS = "$(inherited) @executable_path/Frameworks";
				PRODUCT_BUNDLE_IDENTIFIER = jp.techacademy.ThanksThankyou.taskapp;
				PRODUCT_NAME = "$(TARGET_NAME)";
			};
			name = Release;
		};
/* End XCBuildConfiguration section */

/* Begin XCConfigurationList section */
		400E71B21D89993B00EDBF06 /* Build configuration list for PBXProject "taskapp" */ = {
			isa = XCConfigurationList;
			buildConfigurations = (
				400E71C71D89993C00EDBF06 /* Debug */,
				400E71C81D89993C00EDBF06 /* Release */,
			);
			defaultConfigurationIsVisible = 0;
			defaultConfigurationName = Release;
		};
		400E71C91D89993C00EDBF06 /* Build configuration list for PBXNativeTarget "taskapp" */ = {
			isa = XCConfigurationList;
			buildConfigurations = (
				400E71CA1D89993C00EDBF06 /* Debug */,
				400E71CB1D89993C00EDBF06 /* Release */,
			);
			defaultConfigurationIsVisible = 0;
			defaultConfigurationName = Release;
		};
/* End XCConfigurationList section */
	};
	rootObject = 400E71AF1D89993B00EDBF06 /* Project object */;
}
